PODS:
  - Alamofire (5.7.1)
  - CocoaLumberjack/Core (3.8.0)
  - CocoaLumberjack/Swift (3.8.0):
    - CocoaLumberjack/Core
  - GCLocationPOD (1.0.6):
    - Alamofire
    - CocoaLumberjack/Swift
    - SSZipArchive
  - SSZipArchive (2.5.4)

DEPENDENCIES:
  - GCLocationPOD (from `../`)

SPEC REPOS:
  trunk:
    - Alamofire
    - CocoaLumberjack
    - SSZipArchive

EXTERNAL SOURCES:
  GCLocationPOD:
    :path: "../"

SPEC CHECKSUMS:
  Alamofire: 0123a34370cb170936ae79a8df46cc62b2edeb88
  CocoaLumberjack: 78abfb691154e2a9df8ded4350d504ee19d90732
  GCLocationPOD: 0d4b7c58782132729e5f858bfabee932b34a99d3
  SSZipArchive: 285b618a158ebc421039c22db5b77d345c7c03db

PODFILE CHECKSUM: e758fe274c39478bbd41fc1c2e009cf24ae56db7

COCOAPODS: 1.12.1
